
Microsoft Visual Studio Solution File, Format Version 12.00
# Visual Studio 14
VisualStudioVersion = 14.0.22823.1
MinimumVisualStudioVersion = 10.0.40219.1
Project("{2150E333-8FDC-42A3-9474-1A3956D46DE8}") = "src", "src", "{A82A1D8A-0BEB-4493-A0B6-5C14588BFE0E}"
EndProject
Project("{2150E333-8FDC-42A3-9474-1A3956D46DE8}") = "Solution Items", "Solution Items", "{9A205A77-1267-479E-94BD-CA335B4B48A1}"
	ProjectSection(SolutionItems) = preProject
		global.json = global.json
	EndProjectSection
EndProject
Project("{8BB2217D-0F2D-49D1-97BC-3654ED321F3B}") = "CompositionAndDelegation", "src\CompositionAndDelegation\CompositionAndDelegation.xproj", "{5B25396C-1D3E-44BE-A73C-3591F2B58BB8}"
EndProject
Global
	GlobalSection(SolutionConfigurationPlatforms) = preSolution
		Debug|Any CPU = Debug|Any CPU
		Release|Any CPU = Release|Any CPU
	EndGlobalSection
	GlobalSection(ProjectConfigurationPlatforms) = postSolution
		{5B25396C-1D3E-44BE-A73C-3591F2B58BB8}.Debug|Any CPU.ActiveCfg = Debug|Any CPU
		{5B25396C-1D3E-44BE-A73C-3591F2B58BB8}.Debug|Any CPU.Build.0 = Debug|Any CPU
		{5B25396C-1D3E-44BE-A73C-3591F2B58BB8}.Release|Any CPU.ActiveCfg = Release|Any CPU
		{5B25396C-1D3E-44BE-A73C-3591F2B58BB8}.Release|Any CPU.Build.0 = Release|Any CPU
	EndGlobalSection
	GlobalSection(SolutionProperties) = preSolution
		HideSolutionNode = FALSE
	EndGlobalSection
	GlobalSection(NestedProjects) = preSolution
		{5B25396C-1D3E-44BE-A73C-3591F2B58BB8} = {A82A1D8A-0BEB-4493-A0B6-5C14588BFE0E}
	EndGlobalSection
EndGlobal
